
Microsoft Visual Studio Solution File, Format Version 12.00
# Visual Studio 15
VisualStudioVersion = 15.0.28010.2036
MinimumVisualStudioVersion = 10.0.40219.1
Project("{FAE04EC0-301F-11D3-BF4B-00C04F79EFBC}") = "Demo", "Demo\Demo.csproj", "{08D3089D-6286-4200-9656-34C352B57F56}"
EndProject
Global
	GlobalSection(SolutionConfigurationPlatforms) = preSolution
		Debug|Any CPU = Debug|Any CPU
		Release|Any CPU = Release|Any CPU
	EndGlobalSection
	GlobalSection(ProjectConfigurationPlatforms) = postSolution
		{08D3089D-6286-4200-9656-34C352B57F56}.Debug|Any CPU.ActiveCfg = Debug|Any CPU
		{08D3089D-6286-4200-9656-34C352B57F56}.Debug|Any CPU.Build.0 = Debug|Any CPU
		{08D3089D-6286-4200-9656-34C352B57F56}.Debug|Any CPU.Deploy.0 = Debug|Any CPU
		{08D3089D-6286-4200-9656-34C352B57F56}.Release|Any CPU.ActiveCfg = Release|Any CPU
		{08D3089D-6286-4200-9656-34C352B57F56}.Release|Any CPU.Build.0 = Release|Any CPU
		{08D3089D-6286-4200-9656-34C352B57F56}.Release|Any CPU.Deploy.0 = Release|Any CPU
	EndGlobalSection
	GlobalSection(SolutionProperties) = preSolution
		HideSolutionNode = FALSE
	EndGlobalSection
	GlobalSection(ExtensibilityGlobals) = postSolution
		SolutionGuid = {CED72532-FA7A-41D9-8455-4D446BCD0F4C}
	EndGlobalSection
EndGlobal
